{
    "_readme": [
        "This file locks the dependencies of your project to a known state",
        "Read more about it at https://getcomposer.org/doc/01-basic-usage.md#composer-lock-the-lock-file",
        "This file is @generated automatically"
    ],
    "hash": "89d7a103cc72a2cd226c6e0c99ceb3bf",
    "content-hash": "9b4e33fd40305967923452f4c4bca4cb",
    "packages": [
        {
            "name": "aloisogomes/boletototal",
            "version": "1.0.0",
            "source": {
                "type": "git",
                "url": "https://github.com/aloisogomes/boletototal.git",
                "reference": "89fc0662e1f6deee7f98a59159c0f5ea6a4306a7"
            },
            "dist": {
                "type": "zip",
                "url": "https://api.github.com/repos/aloisogomes/boletototal/zipball/89fc0662e1f6deee7f98a59159c0f5ea6a4306a7",
                "reference": "89fc0662e1f6deee7f98a59159c0f5ea6a4306a7",
                "shasum": ""
            },
            "require": {
                "cobregratis/boletophp": "dev-2.x-dev",
                "php": ">=5.3.0"
            },
            "type": "library",
            "autoload": {
                "psr-4": {
                    "BoletoTotal\\": "src/BoletoTotal/"
                }
            },
            "notification-url": "https://packagist.org/downloads/",
            "authors": [
                {
                    "name": "Aloiso Gomes",
                    "email": "aloiso.gomes@gmail.com"
                }
            ],
            "description": "Projeto para emissão de boletos, geração de arquivos de remessa e recepção de arquivos de retorno",
            "keywords": [
                "Emissao",
                "boleto",
                "php",
                "remessa",
                "retorno"
            ],
            "time": "2019-05-04 22:49:32"
        },
        {
            "name": "cobregratis/boletophp",
            "version": "dev-2.x-dev",
            "source": {
                "type": "git",
                "url": "https://github.com/CobreGratis/boletophp.git",
                "reference": "c18826724731b28822a9568b04b6a2c0b79d853f"
            },
            "dist": {
                "type": "zip",
                "url": "https://api.github.com/repos/CobreGratis/boletophp/zipball/c18826724731b28822a9568b04b6a2c0b79d853f",
                "reference": "c18826724731b28822a9568b04b6a2c0b79d853f",
                "shasum": ""
            },
            "require": {
                "php": ">=5.3.0",
                "respect/validation": "^1.1"
            },
            "require-dev": {
                "phpunit/phpunit": "4.8.*"
            },
            "type": "library",
            "autoload": {
                "psr-4": {
                    "BoletoPHP\\": [
                        "library/BoletoPHP",
                        "tests/library/BoletoPHP"
                    ]
                }
            },
            "notification-url": "https://packagist.org/downloads/",
            "time": "2018-02-13 22:38:23"
        },
        {
            "name": "respect/validation",
            "version": "1.1.30",
            "source": {
                "type": "git",
                "url": "https://github.com/Respect/Validation.git",
                "reference": "9bafee191d9c560827105a849e2b29d8446f0f6f"
            },
            "dist": {
                "type": "zip",
                "url": "https://api.github.com/repos/Respect/Validation/zipball/9bafee191d9c560827105a849e2b29d8446f0f6f",
                "reference": "9bafee191d9c560827105a849e2b29d8446f0f6f",
                "shasum": ""
            },
            "require": {
                "php": ">=5.4",
                "symfony/polyfill-mbstring": "^1.2"
            },
            "require-dev": {
                "egulias/email-validator": "~1.2 || ~2.1",
                "mikey179/vfsstream": "^1.5",
                "phpunit/phpunit": "~4.0 || ~5.0",
                "symfony/validator": "~2.6.9",
                "zendframework/zend-validator": "~2.3"
            },
            "suggest": {
                "egulias/email-validator": "Strict (RFC compliant) email validation",
                "ext-bcmath": "Arbitrary Precision Mathematics",
                "ext-mbstring": "Multibyte String Functions",
                "friendsofphp/php-cs-fixer": "Fix PSR2 and other coding style issues",
                "symfony/validator": "Use Symfony validator through Respect\\Validation",
                "zendframework/zend-validator": "Use Zend Framework validator through Respect\\Validation"
            },
            "type": "library",
            "extra": {
                "branch-alias": {
                    "dev-master": "1.1-dev"
                }
            },
            "autoload": {
                "psr-4": {
                    "Respect\\Validation\\": "library/"
                }
            },
            "notification-url": "https://packagist.org/downloads/",
            "license": [
                "BSD-3-Clause"
            ],
            "authors": [
                {
                    "name": "Respect/Validation Contributors",
                    "homepage": "https://github.com/Respect/Validation/graphs/contributors"
                }
            ],
            "description": "The most awesome validation engine ever created for PHP",
            "homepage": "http://respect.github.io/Validation/",
            "keywords": [
                "respect",
                "validation",
                "validator"
            ],
            "time": "2019-03-31 13:27:49"
        },
        {
            "name": "symfony/polyfill-mbstring",
            "version": "v1.11.0",
            "source": {
                "type": "git",
                "url": "https://github.com/symfony/polyfill-mbstring.git",
                "reference": "fe5e94c604826c35a32fa832f35bd036b6799609"
            },
            "dist": {
                "type": "zip",
                "url": "https://api.github.com/repos/symfony/polyfill-mbstring/zipball/fe5e94c604826c35a32fa832f35bd036b6799609",
                "reference": "fe5e94c604826c35a32fa832f35bd036b6799609",
                "shasum": ""
            },
            "require": {
                "php": ">=5.3.3"
            },
            "suggest": {
                "ext-mbstring": "For best performance"
            },
            "type": "library",
            "extra": {
                "branch-alias": {
                    "dev-master": "1.11-dev"
                }
            },
            "autoload": {
                "psr-4": {
                    "Symfony\\Polyfill\\Mbstring\\": ""
                },
                "files": [
                    "bootstrap.php"
                ]
            },
            "notification-url": "https://packagist.org/downloads/",
            "license": [
                "MIT"
            ],
            "authors": [
                {
                    "name": "Nicolas Grekas",
                    "email": "p@tchwork.com"
                },
                {
                    "name": "Symfony Community",
                    "homepage": "https://symfony.com/contributors"
                }
            ],
            "description": "Symfony polyfill for the Mbstring extension",
            "homepage": "https://symfony.com",
            "keywords": [
                "compatibility",
                "mbstring",
                "polyfill",
                "portable",
                "shim"
            ],
            "time": "2019-02-06 07:57:58"
        }
    ],
    "packages-dev": [],
    "aliases": [],
    "minimum-stability": "stable",
    "stability-flags": {
        "cobregratis/boletophp": 20
    },
    "prefer-stable": false,
    "prefer-lowest": false,
    "platform": [],
    "platform-dev": []
}
